
Microsoft Visual Studio Solution File, Format Version 12.00
# Visual Studio Version 17
VisualStudioVersion = 17.14.36414.22 d17.14
MinimumVisualStudioVersion = 10.0.40219.1
Project("{FAE04EC0-301F-11D3-BF4B-00C04F79EFBC}") = "AzulBoardGame", "AzulBoardGame\AzulBoardGame.csproj", "{5664C87B-A870-43E2-9DBB-9BF23E4A669C}"
EndProject
Global
	GlobalSection(SolutionConfigurationPlatforms) = preSolution
		Debug|Any CPU = Debug|Any CPU
		Release|Any CPU = Release|Any CPU
	EndGlobalSection
	GlobalSection(ProjectConfigurationPlatforms) = postSolution
		{5664C87B-A870-43E2-9DBB-9BF23E4A669C}.Debug|Any CPU.ActiveCfg = Debug|Any CPU
		{5664C87B-A870-43E2-9DBB-9BF23E4A669C}.Debug|Any CPU.Build.0 = Debug|Any CPU
		{5664C87B-A870-43E2-9DBB-9BF23E4A669C}.Release|Any CPU.ActiveCfg = Release|Any CPU
		{5664C87B-A870-43E2-9DBB-9BF23E4A669C}.Release|Any CPU.Build.0 = Release|Any CPU
	EndGlobalSection
	GlobalSection(SolutionProperties) = preSolution
		HideSolutionNode = FALSE
	EndGlobalSection
	GlobalSection(ExtensibilityGlobals) = postSolution
		SolutionGuid = {3F9175B9-1555-434E-B9BD-369151690D93}
	EndGlobalSection
EndGlobal
